
Microsoft Visual Studio Solution File, Format Version 12.00
# Visual Studio 15
VisualStudioVersion = 15.0.28307.329
MinimumVisualStudioVersion = 10.0.40219.1
Project("{FAE04EC0-301F-11D3-BF4B-00C04F79EFBC}") = "Lesson4", "Lesson4\Lesson4.csproj", "{9A994C07-665F-4A6B-8590-6AB2EE5464DD}"
EndProject
Global
	GlobalSection(SolutionConfigurationPlatforms) = preSolution
		Debug|Any CPU = Debug|Any CPU
		Release|Any CPU = Release|Any CPU
	EndGlobalSection
	GlobalSection(ProjectConfigurationPlatforms) = postSolution
		{9A994C07-665F-4A6B-8590-6AB2EE5464DD}.Debug|Any CPU.ActiveCfg = Debug|Any CPU
		{9A994C07-665F-4A6B-8590-6AB2EE5464DD}.Debug|Any CPU.Build.0 = Debug|Any CPU
		{9A994C07-665F-4A6B-8590-6AB2EE5464DD}.Release|Any CPU.ActiveCfg = Release|Any CPU
		{9A994C07-665F-4A6B-8590-6AB2EE5464DD}.Release|Any CPU.Build.0 = Release|Any CPU
	EndGlobalSection
	GlobalSection(SolutionProperties) = preSolution
		HideSolutionNode = FALSE
	EndGlobalSection
	GlobalSection(ExtensibilityGlobals) = postSolution
		SolutionGuid = {730F3994-CAD7-4A0E-BB48-11F394C8BC3A}
	EndGlobalSection
EndGlobal
